// !$*UTF8*$!
{
	archiveVersion = 1;
	classes = {
	};
	objectVersion = 46;
	objects = {

/* Begin PBXBuildFile section */
		0207DA581B56EA530066E2B4 /* Images.xcassets in Resources */ = {isa = PBXBuildFile; fileRef = 0207DA571B56EA530066E2B4 /* Images.xcassets */; };
		029864F9CC3543F9B6B7D626 /* libz.tbd in Frameworks */ = {isa = PBXBuildFile; fileRef = 7CBE820F13B74B74B5D88FB6 /* libz.tbd */; };
		0811FA21EA53470A813C791E /* GoogleService-Info.plist in Resources */ = {isa = PBXBuildFile; fileRef = 68B0FE139AE0493581D3D862 /* GoogleService-Info.plist */; };
		0A74967B98414A778FAC57A1 /* CDVNotification.bundle in Resources */ = {isa = PBXBuildFile; fileRef = 5D59E53A3E1340BEA4676AB7 /* CDVNotification.bundle */; };
		0AF2D4BB21194DBFBD30A9E8 /* CDVSplashScreen.m in Sources */ = {isa = PBXBuildFile; fileRef = BE7FF422F992469283BEE5F9 /* CDVSplashScreen.m */; };
		1A764AEC949740D797D603A3 /* GoogleInterchangeUtilities.framework in Frameworks */ = {isa = PBXBuildFile; fileRef = EFB45FE016FD4038A5FB6DDE /* GoogleInterchangeUtilities.framework */; };
		1D3623260D0F684500981E51 /* AppDelegate.m in Sources */ = {isa = PBXBuildFile; fileRef = 1D3623250D0F684500981E51 /* AppDelegate.m */; };
		1D60589B0D05DD56006BFB54 /* main.m in Sources */ = {isa = PBXBuildFile; fileRef = 29B97316FDCFA39411CA2CEA /* main.m */; };
		1F94F43FE275422C8565E8F0 /* CDVLocation.m in Sources */ = {isa = PBXBuildFile; fileRef = B1935017681C46ED91246056 /* CDVLocation.m */; };
		216A956E6D36451A8D46A8C2 /* AVFoundation.framework in Frameworks */ = {isa = PBXBuildFile; fileRef = 968DC7E45C664BB3859C4E47 /* AVFoundation.framework */; };
		2443CE2484394DA694977BCA /* FirebaseInstanceID.framework in Frameworks */ = {isa = PBXBuildFile; fileRef = E99CD5E30AEF46EDBCCE1889 /* FirebaseInstanceID.framework */; };
		246A3F8EE4634571AFBE27AB /* Directions.m in Sources */ = {isa = PBXBuildFile; fileRef = 18B53FE9BE3549F180CE8D5E /* Directions.m */; };
		260EC1DDE1F542A5AED9CF01 /* Security.framework in Frameworks */ = {isa = PBXBuildFile; fileRef = C5BA41A2E5EB4A75A6D90B22 /* Security.framework */; };
		28ECC53CAC5E46F3B91FF440 /* AddressBook.framework in Frameworks */ = {isa = PBXBuildFile; fileRef = 406648502B144CF7973855BF /* AddressBook.framework */; };
		301BF552109A68D80062928A /* libCordova.a in Frameworks */ = {isa = PBXBuildFile; fileRef = 301BF535109A57CC0062928A /* libCordova.a */; };
		302D95F114D2391D003F00A1 /* MainViewController.m in Sources */ = {isa = PBXBuildFile; fileRef = 302D95EF14D2391D003F00A1 /* MainViewController.m */; };
		302D95F214D2391D003F00A1 /* MainViewController.xib in Resources */ = {isa = PBXBuildFile; fileRef = 302D95F014D2391D003F00A1 /* MainViewController.xib */; };
		3C3C86B79B9B48D79FACA48B /* FirebaseMessaging.framework in Frameworks */ = {isa = PBXBuildFile; fileRef = 642D2B5472BB47D5B4AEA5E8 /* FirebaseMessaging.framework */; };
		488B59D551154E50BA310270 /* CDVOrientation.m in Sources */ = {isa = PBXBuildFile; fileRef = EFFFD709F9DB4B189C8FBC77 /* CDVOrientation.m */; };
		4C63D3C2F36A497C952B63C1 /* GoogleSymbolUtilities.framework in Frameworks */ = {isa = PBXBuildFile; fileRef = 2B8176BBB0144EB2A941CA86 /* GoogleSymbolUtilities.framework */; };
		532C62F01FF641F9BB0C5604 /* CDVBarcodeScanner.mm in Sources */ = {isa = PBXBuildFile; fileRef = 674B0340DB2F4313BAAC967C /* CDVBarcodeScanner.mm */; settings = {COMPILER_FLAGS = "-fno-objc-arc"; }; };
		55E133D024F3418689D651D2 /* CoreLocation.framework in Frameworks */ = {isa = PBXBuildFile; fileRef = 1319F31B08104FD295B24DAE /* CoreLocation.framework */; };
		55E7C6A446B7443F9CF6A34D /* APPMethodMagic.m in Sources */ = {isa = PBXBuildFile; fileRef = 13BB7FC2FA854A20A9889B7F /* APPMethodMagic.m */; };
		57E36B56A2284721BE8B04B0 /* CDVStatusBar.m in Sources */ = {isa = PBXBuildFile; fileRef = 4C2A05F91AD4423F936AA590 /* CDVStatusBar.m */; };
		67DF34A42F2B45139B24FF9F /* GoogleIPhoneUtilities.framework in Frameworks */ = {isa = PBXBuildFile; fileRef = 9AFA643D03ED4B99ADFC95BD /* GoogleIPhoneUtilities.framework */; };
		69DECC6FC7AA4915812AFBD9 /* libsqlite3.0.tbd in Frameworks */ = {isa = PBXBuildFile; fileRef = EC46DB00E5194B71AA4AE954 /* libsqlite3.0.tbd */; };
		6AFF5BF91D6E424B00AB3073 /* CDVLaunchScreen.storyboard in Resources */ = {isa = PBXBuildFile; fileRef = 6AFF5BF81D6E424B00AB3073 /* CDVLaunchScreen.storyboard */; };
		7513EB4E8F9D44C6AED7B8B0 /* CoreBluetooth.framework in Frameworks */ = {isa = PBXBuildFile; fileRef = D8347AC844354A299CF39614 /* CoreBluetooth.framework */; };
		7860014089054781ACBF0AE0 /* CDVDevice.m in Sources */ = {isa = PBXBuildFile; fileRef = E74DED7677664470B458294B /* CDVDevice.m */; };
		788714F335C445208408FC92 /* FirebaseAnalytics.framework in Frameworks */ = {isa = PBXBuildFile; fileRef = 61974FDE4A8B48D1B7660E9B /* FirebaseAnalytics.framework */; };
		A4F507F4865947019B7072A9 /* CDVViewController+SplashScreen.m in Sources */ = {isa = PBXBuildFile; fileRef = B131E617D6F64DF7A4340F4F /* CDVViewController+SplashScreen.m */; };
		BACF247735354644A08A636C /* FirebaseCore.framework in Frameworks */ = {isa = PBXBuildFile; fileRef = 3B4D8FAF53E246D6A95CDBAA /* FirebaseCore.framework */; };
		BB6CD42281F64C13B2FC2BCF /* BLECommandContext.m in Sources */ = {isa = PBXBuildFile; fileRef = CC3A03E3D65343D9AF0EE538 /* BLECommandContext.m */; };
		BDAF8CE36EEE47C282F224A3 /* appbeep.wav in Resources */ = {isa = PBXBuildFile; fileRef = 0A06AA001F8A42768344ED80 /* appbeep.wav */; };
		BE64DA4E70704C488EF49FE6 /* AppDelegate+FCMPlugin.m in Sources */ = {isa = PBXBuildFile; fileRef = 110C0D5807AC4199BB63B14F /* AppDelegate+FCMPlugin.m */; };
		BEB919CD400F4255819BB3E9 /* APPPrinter.m in Sources */ = {isa = PBXBuildFile; fileRef = A29EE83F41094ABBAE807DA3 /* APPPrinter.m */; };
		C179D3E0BC5E46079CCBAE96 /* zxing-all-in-one.cpp in Sources */ = {isa = PBXBuildFile; fileRef = CAA24DFAD78048C683F9CF69 /* zxing-all-in-one.cpp */; };
		C29701971FEA4CF8B9C7471A /* APPBackgroundMode.m in Sources */ = {isa = PBXBuildFile; fileRef = F81F7DAFC5C64DDD89D0E9B2 /* APPBackgroundMode.m */; };
		CB6CF3655E774BD388803924 /* GoogleUtilities.framework in Frameworks */ = {isa = PBXBuildFile; fileRef = D53CF4E232D14569BF872B9A /* GoogleUtilities.framework */; };
		DCCD4BB488CD417CA0651BCA /* AudioToolbox.framework in Frameworks */ = {isa = PBXBuildFile; fileRef = 84A0DAB295694ACE9D443910 /* AudioToolbox.framework */; settings = {ATTRIBUTES = (Weak, ); }; };
		DDAEEDCBC8D64AA89A2E521C /* libc++.tbd in Frameworks */ = {isa = PBXBuildFile; fileRef = 082C0B782831427DB25D06BC /* libc++.tbd */; };
		E184651654CF474A861B6251 /* CoreVideo.framework in Frameworks */ = {isa = PBXBuildFile; fileRef = 6358E3A58CF940ADB944FAF8 /* CoreVideo.framework */; };
		E29D3B91AC6342FE9B13A4ED /* CDVNotification.m in Sources */ = {isa = PBXBuildFile; fileRef = C0CF54AC8EE04FBB9E85C397 /* CDVNotification.m */; };
		EA1A6A0412084FBEB6D9C46F /* QuartzCore.framework in Frameworks */ = {isa = PBXBuildFile; fileRef = 650F5D75776C4F5284E1DE11 /* QuartzCore.framework */; };
		EA395F1C9DEC482981E0875A /* libiconv.dylib in Frameworks */ = {isa = PBXBuildFile; fileRef = A081E3784E374DFAACAD6B89 /* libiconv.dylib */; };
		EFC1A44146AC468A9C32FDE4 /* FCMPlugin.m in Sources */ = {isa = PBXBuildFile; fileRef = F9EF0066973F4E1BBB080D08 /* FCMPlugin.m */; };
		F033FD848B4147C088796F30 /* scannerOverlay.xib in Resources */ = {isa = PBXBuildFile; fileRef = 1F633F98568A4F8FB5F43B7B /* scannerOverlay.xib */; };
		F54544061C4849D1B5BC7B28 /* BLECentralPlugin.m in Sources */ = {isa = PBXBuildFile; fileRef = 432ADC2F878D43A29DBB0362 /* BLECentralPlugin.m */; };
		FAB73F2193484FB399AEFA65 /* CBPeripheral+Extensions.m in Sources */ = {isa = PBXBuildFile; fileRef = 87BA3A7EC43E466493214C08 /* CBPeripheral+Extensions.m */; };
/* End PBXBuildFile section */

/* Begin PBXContainerItemProxy section */
		301BF534109A57CC0062928A /* PBXContainerItemProxy */ = {
			isa = PBXContainerItemProxy;
			containerPortal = 301BF52D109A57CC0062928A /* CordovaLib/CordovaLib.xcodeproj */;
			proxyType = 2;
			remoteGlobalIDString = D2AAC07E0554694100DB518D;
			remoteInfo = CordovaLib;
		};
		301BF550109A68C00062928A /* PBXContainerItemProxy */ = {
			isa = PBXContainerItemProxy;
			containerPortal = 301BF52D109A57CC0062928A /* CordovaLib/CordovaLib.xcodeproj */;
			proxyType = 1;
			remoteGlobalIDString = D2AAC07D0554694100DB518D;
			remoteInfo = CordovaLib;
		};
		C944D4762177EC8A005F1114 /* PBXContainerItemProxy */ = {
			isa = PBXContainerItemProxy;
			containerPortal = 301BF52D109A57CC0062928A /* CordovaLib/CordovaLib.xcodeproj */;
			proxyType = 2;
			remoteGlobalIDString = C0C01EB21E3911D50056E6CB;
			remoteInfo = Cordova;
		};
/* End PBXContainerItemProxy section */

/* Begin PBXFileReference section */
		0207DA571B56EA530066E2B4 /* Images.xcassets */ = {isa = PBXFileReference; lastKnownFileType = folder.assetcatalog; name = Images.xcassets; path = "Petrol Hub/Images.xcassets"; sourceTree = SOURCE_ROOT; };
		03FA27C4E42B4B3A83E4DAE0 /* CDVOrientation.h */ = {isa = PBXFileReference; explicitFileType = undefined; fileEncoding = 4; includeInIndex = 0; lastKnownFileType = sourcecode.c.h; name = CDVOrientation.h; path = "cordova-plugin-screen-orientation/CDVOrientation.h"; sourceTree = "<group>"; };
		082C0B782831427DB25D06BC /* libc++.tbd */ = {isa = PBXFileReference; explicitFileType = undefined; fileEncoding = 9; includeInIndex = 0; lastKnownFileType = "sourcecode.text-based-dylib-definition"; name = "libc++.tbd"; path = "usr/lib/libc++.tbd"; sourceTree = SDKROOT; };
		091DD52E3E4B451CB2382752 /* Directions.h */ = {isa = PBXFileReference; explicitFileType = undefined; fileEncoding = 4; includeInIndex = 0; lastKnownFileType = sourcecode.c.h; name = Directions.h; path = "cordova-plugin-directions/Directions.h"; sourceTree = "<group>"; };
		09583597E7F04E429C224194 /* BLECommandContext.h */ = {isa = PBXFileReference; explicitFileType = undefined; fileEncoding = 4; includeInIndex = 0; lastKnownFileType = sourcecode.c.h; name = BLECommandContext.h; path = "cordova-plugin-ble-central/BLECentralPlugin/BLECommandContext.h"; sourceTree = "<group>"; };
		0A06AA001F8A42768344ED80 /* appbeep.wav */ = {isa = PBXFileReference; explicitFileType = undefined; fileEncoding = 9; includeInIndex = 0; lastKnownFileType = unknown; path = appbeep.wav; sourceTree = "<group>"; };
		0AA0D5E978F74D448C39A0F9 /* CDVDevice.h */ = {isa = PBXFileReference; explicitFileType = undefined; fileEncoding = 4; includeInIndex = 0; lastKnownFileType = sourcecode.c.h; name = CDVDevice.h; path = "cordova-plugin-device/CDVDevice.h"; sourceTree = "<group>"; };
		110C0D5807AC4199BB63B14F /* AppDelegate+FCMPlugin.m */ = {isa = PBXFileReference; explicitFileType = undefined; fileEncoding = 4; includeInIndex = 0; lastKnownFileType = sourcecode.c.objc; name = "AppDelegate+FCMPlugin.m"; path = "cordova-plugin-fcm/AppDelegate+FCMPlugin.m"; sourceTree = "<group>"; };
		1319F31B08104FD295B24DAE /* CoreLocation.framework */ = {isa = PBXFileReference; explicitFileType = undefined; fileEncoding = 9; includeInIndex = 0; lastKnownFileType = wrapper.framework; name = CoreLocation.framework; path = System/Library/Frameworks/CoreLocation.framework; sourceTree = SDKROOT; };
		13BB7FC2FA854A20A9889B7F /* APPMethodMagic.m */ = {isa = PBXFileReference; explicitFileType = undefined; fileEncoding = 4; includeInIndex = 0; lastKnownFileType = sourcecode.c.objc; name = APPMethodMagic.m; path = "cordova-plugin-background-mode/APPMethodMagic.m"; sourceTree = "<group>"; };
		18B53FE9BE3549F180CE8D5E /* Directions.m */ = {isa = PBXFileReference; explicitFileType = undefined; fileEncoding = 4; includeInIndex = 0; lastKnownFileType = sourcecode.c.objc; name = Directions.m; path = "cordova-plugin-directions/Directions.m"; sourceTree = "<group>"; };
		1C23284B9B8F401E88FB376C /* Firebase.h */ = {isa = PBXFileReference; explicitFileType = undefined; fileEncoding = 4; includeInIndex = 0; lastKnownFileType = sourcecode.c.h; name = Firebase.h; path = "cordova-plugin-fcm/Firebase.h"; sourceTree = "<group>"; };
		1D3623240D0F684500981E51 /* AppDelegate.h */ = {isa = PBXFileReference; fileEncoding = 4; lastKnownFileType = sourcecode.c.h; path = AppDelegate.h; sourceTree = "<group>"; };
		1D3623250D0F684500981E51 /* AppDelegate.m */ = {isa = PBXFileReference; fileEncoding = 4; lastKnownFileType = sourcecode.c.objc; path = AppDelegate.m; sourceTree = "<group>"; };
		1D6058910D05DD3D006BFB54 /* Petrol Hub.app */ = {isa = PBXFileReference; explicitFileType = wrapper.application; includeInIndex = 0; path = "Petrol Hub.app"; sourceTree = BUILT_PRODUCTS_DIR; };
		1F633F98568A4F8FB5F43B7B /* scannerOverlay.xib */ = {isa = PBXFileReference; explicitFileType = undefined; fileEncoding = 9; includeInIndex = 0; lastKnownFileType = file.xib; path = scannerOverlay.xib; sourceTree = "<group>"; };
		1FE09958B0BD441A803E25EA /* CDVViewController+SplashScreen.h */ = {isa = PBXFileReference; explicitFileType = undefined; fileEncoding = 4; includeInIndex = 0; lastKnownFileType = sourcecode.c.h; name = "CDVViewController+SplashScreen.h"; path = "cordova-plugin-splashscreen/CDVViewController+SplashScreen.h"; sourceTree = "<group>"; };
		29B97316FDCFA39411CA2CEA /* main.m */ = {isa = PBXFileReference; fileEncoding = 4; lastKnownFileType = sourcecode.c.objc; path = main.m; sourceTree = "<group>"; };
		2B8176BBB0144EB2A941CA86 /* GoogleSymbolUtilities.framework */ = {isa = PBXFileReference; explicitFileType = undefined; fileEncoding = 9; includeInIndex = 0; lastKnownFileType = wrapper.framework; name = GoogleSymbolUtilities.framework; path = "Petrol Hub/Plugins/cordova-plugin-fcm/GoogleSymbolUtilities.framework"; sourceTree = "<group>"; };
		301BF52D109A57CC0062928A /* CordovaLib/CordovaLib.xcodeproj */ = {isa = PBXFileReference; lastKnownFileType = "wrapper.pb-project"; path = CordovaLib/CordovaLib.xcodeproj; sourceTree = "<group>"; };
		301BF56E109A69640062928A /* www */ = {isa = PBXFileReference; lastKnownFileType = folder; path = www; sourceTree = SOURCE_ROOT; };
		302D95EE14D2391D003F00A1 /* MainViewController.h */ = {isa = PBXFileReference; fileEncoding = 4; lastKnownFileType = sourcecode.c.h; path = MainViewController.h; sourceTree = "<group>"; };
		302D95EF14D2391D003F00A1 /* MainViewController.m */ = {isa = PBXFileReference; fileEncoding = 4; lastKnownFileType = sourcecode.c.objc; path = MainViewController.m; sourceTree = "<group>"; };
		302D95F014D2391D003F00A1 /* MainViewController.xib */ = {isa = PBXFileReference; fileEncoding = 4; lastKnownFileType = file.xib; path = MainViewController.xib; sourceTree = "<group>"; };
		3047A50F1AB8059700498E2A /* build-debug.xcconfig */ = {isa = PBXFileReference; fileEncoding = 4; lastKnownFileType = text.xcconfig; name = "build-debug.xcconfig"; path = "cordova/build-debug.xcconfig"; sourceTree = SOURCE_ROOT; };
		3047A5101AB8059700498E2A /* build-release.xcconfig */ = {isa = PBXFileReference; fileEncoding = 4; lastKnownFileType = text.xcconfig; name = "build-release.xcconfig"; path = "cordova/build-release.xcconfig"; sourceTree = SOURCE_ROOT; };
		3047A5111AB8059700498E2A /* build.xcconfig */ = {isa = PBXFileReference; fileEncoding = 4; lastKnownFileType = text.xcconfig; name = build.xcconfig; path = cordova/build.xcconfig; sourceTree = SOURCE_ROOT; };
		31F3B93E496E40AAA67C0118 /* CBPeripheral+Extensions.h */ = {isa = PBXFileReference; explicitFileType = undefined; fileEncoding = 4; includeInIndex = 0; lastKnownFileType = sourcecode.c.h; name = "CBPeripheral+Extensions.h"; path = "cordova-plugin-ble-central/BLECentralPlugin/CBPeripheral+Extensions.h"; sourceTree = "<group>"; };
		32CA4F630368D1EE00C91783 /* Petrol Hub-Prefix.pch */ = {isa = PBXFileReference; fileEncoding = 4; lastKnownFileType = sourcecode.c.h; path = "Petrol Hub-Prefix.pch"; sourceTree = "<group>"; };
		34EBA49DA1CF4FDAB13C5977 /* APPBackgroundMode.h */ = {isa = PBXFileReference; explicitFileType = undefined; fileEncoding = 4; includeInIndex = 0; lastKnownFileType = sourcecode.c.h; name = APPBackgroundMode.h; path = "cordova-plugin-background-mode/APPBackgroundMode.h"; sourceTree = "<group>"; };
		3B4D8FAF53E246D6A95CDBAA /* FirebaseCore.framework */ = {isa = PBXFileReference; explicitFileType = undefined; fileEncoding = 9; includeInIndex = 0; lastKnownFileType = wrapper.framework; name = FirebaseCore.framework; path = "Petrol Hub/Plugins/cordova-plugin-fcm/FirebaseCore.framework"; sourceTree = "<group>"; };
		406648502B144CF7973855BF /* AddressBook.framework */ = {isa = PBXFileReference; explicitFileType = undefined; fileEncoding = 9; includeInIndex = 0; lastKnownFileType = wrapper.framework; name = AddressBook.framework; path = System/Library/Frameworks/AddressBook.framework; sourceTree = SDKROOT; };
		410B7DF87069424FB944EC68 /* BLECentralPlugin.h */ = {isa = PBXFileReference; explicitFileType = undefined; fileEncoding = 4; includeInIndex = 0; lastKnownFileType = sourcecode.c.h; name = BLECentralPlugin.h; path = "cordova-plugin-ble-central/BLECentralPlugin/BLECentralPlugin.h"; sourceTree = "<group>"; };
		432ADC2F878D43A29DBB0362 /* BLECentralPlugin.m */ = {isa = PBXFileReference; explicitFileType = undefined; fileEncoding = 4; includeInIndex = 0; lastKnownFileType = sourcecode.c.objc; name = BLECentralPlugin.m; path = "cordova-plugin-ble-central/BLECentralPlugin/BLECentralPlugin.m"; sourceTree = "<group>"; };
		444B651BD7674DBE9259ECE5 /* FCMPlugin.h */ = {isa = PBXFileReference; explicitFileType = undefined; fileEncoding = 4; includeInIndex = 0; lastKnownFileType = sourcecode.c.h; name = FCMPlugin.h; path = "cordova-plugin-fcm/FCMPlugin.h"; sourceTree = "<group>"; };
		466BAD51DD924C1AA59A5B46 /* AppDelegate+FCMPlugin.h */ = {isa = PBXFileReference; explicitFileType = undefined; fileEncoding = 4; includeInIndex = 0; lastKnownFileType = sourcecode.c.h; name = "AppDelegate+FCMPlugin.h"; path = "cordova-plugin-fcm/AppDelegate+FCMPlugin.h"; sourceTree = "<group>"; };
		4C2A05F91AD4423F936AA590 /* CDVStatusBar.m */ = {isa = PBXFileReference; explicitFileType = undefined; fileEncoding = 4; includeInIndex = 0; lastKnownFileType = sourcecode.c.objc; name = CDVStatusBar.m; path = "cordova-plugin-statusbar/CDVStatusBar.m"; sourceTree = "<group>"; };
		4F6320A8248740178BFF47D7 /* zxing-all-in-one.h */ = {isa = PBXFileReference; explicitFileType = undefined; fileEncoding = 4; includeInIndex = 0; lastKnownFileType = sourcecode.c.h; name = "zxing-all-in-one.h"; path = "cordova-plugin-barcodescanner/zxing-all-in-one.h"; sourceTree = "<group>"; };
		5B9DE7130B5747ED8172FF02 /* CDVLocation.h */ = {isa = PBXFileReference; explicitFileType = undefined; fileEncoding = 4; includeInIndex = 0; lastKnownFileType = sourcecode.c.h; name = CDVLocation.h; path = "cordova-plugin-geolocation/CDVLocation.h"; sourceTree = "<group>"; };
		5D59E53A3E1340BEA4676AB7 /* CDVNotification.bundle */ = {isa = PBXFileReference; explicitFileType = undefined; fileEncoding = 9; includeInIndex = 0; lastKnownFileType = "wrapper.plug-in"; path = CDVNotification.bundle; sourceTree = "<group>"; };
		6097AAFBF6DE474CB94BEFF9 /* CDVSplashScreen.h */ = {isa = PBXFileReference; explicitFileType = undefined; fileEncoding = 4; includeInIndex = 0; lastKnownFileType = sourcecode.c.h; name = CDVSplashScreen.h; path = "cordova-plugin-splashscreen/CDVSplashScreen.h"; sourceTree = "<group>"; };
		61974FDE4A8B48D1B7660E9B /* FirebaseAnalytics.framework */ = {isa = PBXFileReference; explicitFileType = undefined; fileEncoding = 9; includeInIndex = 0; lastKnownFileType = wrapper.framework; name = FirebaseAnalytics.framework; path = "Petrol Hub/Plugins/cordova-plugin-fcm/FirebaseAnalytics.framework"; sourceTree = "<group>"; };
		6358E3A58CF940ADB944FAF8 /* CoreVideo.framework */ = {isa = PBXFileReference; explicitFileType = undefined; fileEncoding = 9; includeInIndex = 0; lastKnownFileType = wrapper.framework; name = CoreVideo.framework; path = System/Library/Frameworks/CoreVideo.framework; sourceTree = SDKROOT; };
		642D2B5472BB47D5B4AEA5E8 /* FirebaseMessaging.framework */ = {isa = PBXFileReference; explicitFileType = undefined; fileEncoding = 9; includeInIndex = 0; lastKnownFileType = wrapper.framework; name = FirebaseMessaging.framework; path = "Petrol Hub/Plugins/cordova-plugin-fcm/FirebaseMessaging.framework"; sourceTree = "<group>"; };
		650F5D75776C4F5284E1DE11 /* QuartzCore.framework */ = {isa = PBXFileReference; explicitFileType = undefined; fileEncoding = 9; includeInIndex = 0; lastKnownFileType = wrapper.framework; name = QuartzCore.framework; path = System/Library/Frameworks/QuartzCore.framework; sourceTree = SDKROOT; };
		674B0340DB2F4313BAAC967C /* CDVBarcodeScanner.mm */ = {isa = PBXFileReference; explicitFileType = undefined; fileEncoding = 9; includeInIndex = 0; lastKnownFileType = unknown; name = CDVBarcodeScanner.mm; path = "cordova-plugin-barcodescanner/CDVBarcodeScanner.mm"; sourceTree = "<group>"; };
		68B0FE139AE0493581D3D862 /* GoogleService-Info.plist */ = {isa = PBXFileReference; explicitFileType = undefined; fileEncoding = 4; includeInIndex = 0; lastKnownFileType = text.plist.xml; name = "GoogleService-Info.plist"; path = "Resources/GoogleService-Info.plist"; sourceTree = "<group>"; };
		6AFF5BF81D6E424B00AB3073 /* CDVLaunchScreen.storyboard */ = {isa = PBXFileReference; fileEncoding = 4; lastKnownFileType = file.storyboard; name = CDVLaunchScreen.storyboard; path = "Petrol Hub/CDVLaunchScreen.storyboard"; sourceTree = SOURCE_ROOT; };
		7CBE820F13B74B74B5D88FB6 /* libz.tbd */ = {isa = PBXFileReference; explicitFileType = undefined; fileEncoding = 9; includeInIndex = 0; lastKnownFileType = "sourcecode.text-based-dylib-definition"; name = libz.tbd; path = usr/lib/libz.tbd; sourceTree = SDKROOT; };
		84A0DAB295694ACE9D443910 /* AudioToolbox.framework */ = {isa = PBXFileReference; explicitFileType = undefined; fileEncoding = 9; includeInIndex = 0; lastKnownFileType = wrapper.framework; name = AudioToolbox.framework; path = System/Library/Frameworks/AudioToolbox.framework; sourceTree = SDKROOT; };
		87BA3A7EC43E466493214C08 /* CBPeripheral+Extensions.m */ = {isa = PBXFileReference; explicitFileType = undefined; fileEncoding = 4; includeInIndex = 0; lastKnownFileType = sourcecode.c.objc; name = "CBPeripheral+Extensions.m"; path = "cordova-plugin-ble-central/BLECentralPlugin/CBPeripheral+Extensions.m"; sourceTree = "<group>"; };
		8D1107310486CEB800E47090 /* Petrol Hub-Info.plist */ = {isa = PBXFileReference; fileEncoding = 4; lastKnownFileType = text.plist.xml; name = "Petrol Hub-Info.plist"; path = "Petrol Hub/Petrol Hub-Info.plist"; plistStructureDefinitionIdentifier = "com.apple.xcode.plist.structure-definition.iphone.info-plist"; sourceTree = SOURCE_ROOT; };
		93D2147EA65D418C9BD99C6A /* CDVNotification.h */ = {isa = PBXFileReference; explicitFileType = undefined; fileEncoding = 4; includeInIndex = 0; lastKnownFileType = sourcecode.c.h; name = CDVNotification.h; path = "cordova-plugin-dialogs/CDVNotification.h"; sourceTree = "<group>"; };
		968DC7E45C664BB3859C4E47 /* AVFoundation.framework */ = {isa = PBXFileReference; explicitFileType = undefined; fileEncoding = 9; includeInIndex = 0; lastKnownFileType = wrapper.framework; name = AVFoundation.framework; path = System/Library/Frameworks/AVFoundation.framework; sourceTree = SDKROOT; };
		999C3A78B2A44CF5B0A6A850 /* CDVStatusBar.h */ = {isa = PBXFileReference; explicitFileType = undefined; fileEncoding = 4; includeInIndex = 0; lastKnownFileType = sourcecode.c.h; name = CDVStatusBar.h; path = "cordova-plugin-statusbar/CDVStatusBar.h"; sourceTree = "<group>"; };
		9AFA643D03ED4B99ADFC95BD /* GoogleIPhoneUtilities.framework */ = {isa = PBXFileReference; explicitFileType = undefined; fileEncoding = 9; includeInIndex = 0; lastKnownFileType = wrapper.framework; name = GoogleIPhoneUtilities.framework; path = "Petrol Hub/Plugins/cordova-plugin-fcm/GoogleIPhoneUtilities.framework"; sourceTree = "<group>"; };
		A081E3784E374DFAACAD6B89 /* libiconv.dylib */ = {isa = PBXFileReference; explicitFileType = undefined; fileEncoding = 9; includeInIndex = 0; lastKnownFileType = "compiled.mach-o.dylib"; name = libiconv.dylib; path = usr/lib/libiconv.dylib; sourceTree = SDKROOT; };
		A29EE83F41094ABBAE807DA3 /* APPPrinter.m */ = {isa = PBXFileReference; explicitFileType = undefined; fileEncoding = 4; includeInIndex = 0; lastKnownFileType = sourcecode.c.objc; name = APPPrinter.m; path = "cordova-plugin-printer/APPPrinter.m"; sourceTree = "<group>"; };
		A54165CFF3FB4004B341A3DC /* APPPrinter.h */ = {isa = PBXFileReference; explicitFileType = undefined; fileEncoding = 4; includeInIndex = 0; lastKnownFileType = sourcecode.c.h; name = APPPrinter.h; path = "cordova-plugin-printer/APPPrinter.h"; sourceTree = "<group>"; };
		B131E617D6F64DF7A4340F4F /* CDVViewController+SplashScreen.m */ = {isa = PBXFileReference; explicitFileType = undefined; fileEncoding = 4; includeInIndex = 0; lastKnownFileType = sourcecode.c.objc; name = "CDVViewController+SplashScreen.m"; path = "cordova-plugin-splashscreen/CDVViewController+SplashScreen.m"; sourceTree = "<group>"; };
		B1935017681C46ED91246056 /* CDVLocation.m */ = {isa = PBXFileReference; explicitFileType = undefined; fileEncoding = 4; includeInIndex = 0; lastKnownFileType = sourcecode.c.objc; name = CDVLocation.m; path = "cordova-plugin-geolocation/CDVLocation.m"; sourceTree = "<group>"; };
		BE7FF422F992469283BEE5F9 /* CDVSplashScreen.m */ = {isa = PBXFileReference; explicitFileType = undefined; fileEncoding = 4; includeInIndex = 0; lastKnownFileType = sourcecode.c.objc; name = CDVSplashScreen.m; path = "cordova-plugin-splashscreen/CDVSplashScreen.m"; sourceTree = "<group>"; };
		C0CF54AC8EE04FBB9E85C397 /* CDVNotification.m */ = {isa = PBXFileReference; explicitFileType = undefined; fileEncoding = 4; includeInIndex = 0; lastKnownFileType = sourcecode.c.objc; name = CDVNotification.m; path = "cordova-plugin-dialogs/CDVNotification.m"; sourceTree = "<group>"; };
		C5BA41A2E5EB4A75A6D90B22 /* Security.framework */ = {isa = PBXFileReference; explicitFileType = undefined; fileEncoding = 9; includeInIndex = 0; lastKnownFileType = wrapper.framework; name = Security.framework; path = System/Library/Frameworks/Security.framework; sourceTree = SDKROOT; };
		C6B822E1356B4DD799CA9644 /* APPMethodMagic.h */ = {isa = PBXFileReference; explicitFileType = undefined; fileEncoding = 4; includeInIndex = 0; lastKnownFileType = sourcecode.c.h; name = APPMethodMagic.h; path = "cordova-plugin-background-mode/APPMethodMagic.h"; sourceTree = "<group>"; };
		CAA24DFAD78048C683F9CF69 /* zxing-all-in-one.cpp */ = {isa = PBXFileReference; explicitFileType = undefined; fileEncoding = 9; includeInIndex = 0; lastKnownFileType = unknown; name = "zxing-all-in-one.cpp"; path = "cordova-plugin-barcodescanner/zxing-all-in-one.cpp"; sourceTree = "<group>"; };
		CC3A03E3D65343D9AF0EE538 /* BLECommandContext.m */ = {isa = PBXFileReference; explicitFileType = undefined; fileEncoding = 4; includeInIndex = 0; lastKnownFileType = sourcecode.c.objc; name = BLECommandContext.m; path = "cordova-plugin-ble-central/BLECentralPlugin/BLECommandContext.m"; sourceTree = "<group>"; };
		D53CF4E232D14569BF872B9A /* GoogleUtilities.framework */ = {isa = PBXFileReference; explicitFileType = undefined; fileEncoding = 9; includeInIndex = 0; lastKnownFileType = wrapper.framework; name = GoogleUtilities.framework; path = "Petrol Hub/Plugins/cordova-plugin-fcm/GoogleUtilities.framework"; sourceTree = "<group>"; };
		D8347AC844354A299CF39614 /* CoreBluetooth.framework */ = {isa = PBXFileReference; explicitFileType = undefined; fileEncoding = 9; includeInIndex = 0; lastKnownFileType = wrapper.framework; name = CoreBluetooth.framework; path = System/Library/Frameworks/CoreBluetooth.framework; sourceTree = SDKROOT; };
		E74DED7677664470B458294B /* CDVDevice.m */ = {isa = PBXFileReference; explicitFileType = undefined; fileEncoding = 4; includeInIndex = 0; lastKnownFileType = sourcecode.c.objc; name = CDVDevice.m; path = "cordova-plugin-device/CDVDevice.m"; sourceTree = "<group>"; };
		E99CD5E30AEF46EDBCCE1889 /* FirebaseInstanceID.framework */ = {isa = PBXFileReference; explicitFileType = undefined; fileEncoding = 9; includeInIndex = 0; lastKnownFileType = wrapper.framework; name = FirebaseInstanceID.framework; path = "Petrol Hub/Plugins/cordova-plugin-fcm/FirebaseInstanceID.framework"; sourceTree = "<group>"; };
		EB87FDF31871DA8E0020F90C /* www */ = {isa = PBXFileReference; lastKnownFileType = folder; name = www; path = ../../www; sourceTree = "<group>"; };
		EB87FDF41871DAF40020F90C /* config.xml */ = {isa = PBXFileReference; lastKnownFileType = text.xml; name = config.xml; path = ../../config.xml; sourceTree = "<group>"; };
		EC46DB00E5194B71AA4AE954 /* libsqlite3.0.tbd */ = {isa = PBXFileReference; explicitFileType = undefined; fileEncoding = 9; includeInIndex = 0; lastKnownFileType = "sourcecode.text-based-dylib-definition"; name = libsqlite3.0.tbd; path = usr/lib/libsqlite3.0.tbd; sourceTree = SDKROOT; };
		ED33DF2A687741AEAF9F8254 /* Bridging-Header.h */ = {isa = PBXFileReference; fileEncoding = 4; lastKnownFileType = sourcecode.c.h; path = "Bridging-Header.h"; sourceTree = "<group>"; };
		EFB45FE016FD4038A5FB6DDE /* GoogleInterchangeUtilities.framework */ = {isa = PBXFileReference; explicitFileType = undefined; fileEncoding = 9; includeInIndex = 0; lastKnownFileType = wrapper.framework; name = GoogleInterchangeUtilities.framework; path = "Petrol Hub/Plugins/cordova-plugin-fcm/GoogleInterchangeUtilities.framework"; sourceTree = "<group>"; };
		EFFFD709F9DB4B189C8FBC77 /* CDVOrientation.m */ = {isa = PBXFileReference; explicitFileType = undefined; fileEncoding = 4; includeInIndex = 0; lastKnownFileType = sourcecode.c.objc; name = CDVOrientation.m; path = "cordova-plugin-screen-orientation/CDVOrientation.m"; sourceTree = "<group>"; };
		F81F7DAFC5C64DDD89D0E9B2 /* APPBackgroundMode.m */ = {isa = PBXFileReference; explicitFileType = undefined; fileEncoding = 4; includeInIndex = 0; lastKnownFileType = sourcecode.c.objc; name = APPBackgroundMode.m; path = "cordova-plugin-background-mode/APPBackgroundMode.m"; sourceTree = "<group>"; };
		F840E1F0165FE0F500CFE078 /* config.xml */ = {isa = PBXFileReference; lastKnownFileType = text.xml; name = config.xml; path = "Petrol Hub/config.xml"; sourceTree = "<group>"; };
		F9EF0066973F4E1BBB080D08 /* FCMPlugin.m */ = {isa = PBXFileReference; explicitFileType = undefined; fileEncoding = 4; includeInIndex = 0; lastKnownFileType = sourcecode.c.objc; name = FCMPlugin.m; path = "cordova-plugin-fcm/FCMPlugin.m"; sourceTree = "<group>"; };
/* End PBXFileReference section */

/* Begin PBXFrameworksBuildPhase section */
		1D60588F0D05DD3D006BFB54 /* Frameworks */ = {
			isa = PBXFrameworksBuildPhase;
			buildActionMask = 2147483647;
			files = (
				301BF552109A68D80062928A /* libCordova.a in Frameworks */,
				EA395F1C9DEC482981E0875A /* libiconv.dylib in Frameworks */,
				216A956E6D36451A8D46A8C2 /* AVFoundation.framework in Frameworks */,
				E184651654CF474A861B6251 /* CoreVideo.framework in Frameworks */,
				EA1A6A0412084FBEB6D9C46F /* QuartzCore.framework in Frameworks */,
				DCCD4BB488CD417CA0651BCA /* AudioToolbox.framework in Frameworks */,
				788714F335C445208408FC92 /* FirebaseAnalytics.framework in Frameworks */,
				BACF247735354644A08A636C /* FirebaseCore.framework in Frameworks */,
				2443CE2484394DA694977BCA /* FirebaseInstanceID.framework in Frameworks */,
				3C3C86B79B9B48D79FACA48B /* FirebaseMessaging.framework in Frameworks */,
				1A764AEC949740D797D603A3 /* GoogleInterchangeUtilities.framework in Frameworks */,
				67DF34A42F2B45139B24FF9F /* GoogleIPhoneUtilities.framework in Frameworks */,
				4C63D3C2F36A497C952B63C1 /* GoogleSymbolUtilities.framework in Frameworks */,
				CB6CF3655E774BD388803924 /* GoogleUtilities.framework in Frameworks */,
				DDAEEDCBC8D64AA89A2E521C /* libc++.tbd in Frameworks */,
				029864F9CC3543F9B6B7D626 /* libz.tbd in Frameworks */,
				28ECC53CAC5E46F3B91FF440 /* AddressBook.framework in Frameworks */,
				69DECC6FC7AA4915812AFBD9 /* libsqlite3.0.tbd in Frameworks */,
				260EC1DDE1F542A5AED9CF01 /* Security.framework in Frameworks */,
				55E133D024F3418689D651D2 /* CoreLocation.framework in Frameworks */,
				7513EB4E8F9D44C6AED7B8B0 /* CoreBluetooth.framework in Frameworks */,
			);
			runOnlyForDeploymentPostprocessing = 0;
		};
/* End PBXFrameworksBuildPhase section */

/* Begin PBXGroup section */
		080E96DDFE201D6D7F000001 /* Classes */ = {
			isa = PBXGroup;
			children = (
				302D95EE14D2391D003F00A1 /* MainViewController.h */,
				302D95EF14D2391D003F00A1 /* MainViewController.m */,
				302D95F014D2391D003F00A1 /* MainViewController.xib */,
				1D3623240D0F684500981E51 /* AppDelegate.h */,
				1D3623250D0F684500981E51 /* AppDelegate.m */,
			);
			name = Classes;
			path = "Petrol Hub/Classes";
			sourceTree = SOURCE_ROOT;
		};
		19C28FACFE9D520D11CA2CBB /* Products */ = {
			isa = PBXGroup;
			children = (
				1D6058910D05DD3D006BFB54 /* Petrol Hub.app */,
			);
			name = Products;
			sourceTree = "<group>";
		};
		29B97314FDCFA39411CA2CEA /* CustomTemplate */ = {
			isa = PBXGroup;
			children = (
				EB87FDF41871DAF40020F90C /* config.xml */,
				EB87FDF31871DA8E0020F90C /* www */,
				EB87FDF11871DA420020F90C /* Staging */,
				301BF52D109A57CC0062928A /* CordovaLib/CordovaLib.xcodeproj */,
				080E96DDFE201D6D7F000001 /* Classes */,
				307C750510C5A3420062BCA9 /* Plugins */,
				29B97315FDCFA39411CA2CEA /* Other Sources */,
				29B97317FDCFA39411CA2CEA /* Resources */,
				29B97323FDCFA39411CA2CEA /* Frameworks */,
				19C28FACFE9D520D11CA2CBB /* Products */,
			);
			name = CustomTemplate;
			sourceTree = "<group>";
		};
		29B97315FDCFA39411CA2CEA /* Other Sources */ = {
			isa = PBXGroup;
			children = (
				32CA4F630368D1EE00C91783 /* Petrol Hub-Prefix.pch */,
				29B97316FDCFA39411CA2CEA /* main.m */,
				ED33DF2A687741AEAF9F8254 /* Bridging-Header.h */,
			);
			name = "Other Sources";
			path = "Petrol Hub";
			sourceTree = "<group>";
		};
		29B97317FDCFA39411CA2CEA /* Resources */ = {
			isa = PBXGroup;
			children = (
				0207DA571B56EA530066E2B4 /* Images.xcassets */,
				3047A50E1AB8057F00498E2A /* config */,
				8D1107310486CEB800E47090 /* Petrol Hub-Info.plist */,
				6AFF5BF81D6E424B00AB3073 /* CDVLaunchScreen.storyboard */,
				1F633F98568A4F8FB5F43B7B /* scannerOverlay.xib */,
				5D59E53A3E1340BEA4676AB7 /* CDVNotification.bundle */,
				68B0FE139AE0493581D3D862 /* GoogleService-Info.plist */,
				0A06AA001F8A42768344ED80 /* appbeep.wav */,
			);
			name = Resources;
			path = "Petrol Hub/Resources";
			sourceTree = "<group>";
		};
		29B97323FDCFA39411CA2CEA /* Frameworks */ = {
			isa = PBXGroup;
			children = (
				A081E3784E374DFAACAD6B89 /* libiconv.dylib */,
				968DC7E45C664BB3859C4E47 /* AVFoundation.framework */,
				6358E3A58CF940ADB944FAF8 /* CoreVideo.framework */,
				650F5D75776C4F5284E1DE11 /* QuartzCore.framework */,
				84A0DAB295694ACE9D443910 /* AudioToolbox.framework */,
				61974FDE4A8B48D1B7660E9B /* FirebaseAnalytics.framework */,
				3B4D8FAF53E246D6A95CDBAA /* FirebaseCore.framework */,
				E99CD5E30AEF46EDBCCE1889 /* FirebaseInstanceID.framework */,
				642D2B5472BB47D5B4AEA5E8 /* FirebaseMessaging.framework */,
				EFB45FE016FD4038A5FB6DDE /* GoogleInterchangeUtilities.framework */,
				9AFA643D03ED4B99ADFC95BD /* GoogleIPhoneUtilities.framework */,
				2B8176BBB0144EB2A941CA86 /* GoogleSymbolUtilities.framework */,
				D53CF4E232D14569BF872B9A /* GoogleUtilities.framework */,
				082C0B782831427DB25D06BC /* libc++.tbd */,
				7CBE820F13B74B74B5D88FB6 /* libz.tbd */,
				406648502B144CF7973855BF /* AddressBook.framework */,
				EC46DB00E5194B71AA4AE954 /* libsqlite3.0.tbd */,
				C5BA41A2E5EB4A75A6D90B22 /* Security.framework */,
				1319F31B08104FD295B24DAE /* CoreLocation.framework */,
				D8347AC844354A299CF39614 /* CoreBluetooth.framework */,
			);
			name = Frameworks;
			sourceTree = "<group>";
		};
		301BF52E109A57CC0062928A /* Products */ = {
			isa = PBXGroup;
			children = (
				301BF535109A57CC0062928A /* libCordova.a */,
				C944D4772177EC8A005F1114 /* Cordova.framework */,
			);
			name = Products;
			sourceTree = "<group>";
		};
		3047A50E1AB8057F00498E2A /* config */ = {
			isa = PBXGroup;
			children = (
				3047A50F1AB8059700498E2A /* build-debug.xcconfig */,
				3047A5101AB8059700498E2A /* build-release.xcconfig */,
				3047A5111AB8059700498E2A /* build.xcconfig */,
			);
			name = config;
			sourceTree = "<group>";
		};
		307C750510C5A3420062BCA9 /* Plugins */ = {
			isa = PBXGroup;
			children = (
				674B0340DB2F4313BAAC967C /* CDVBarcodeScanner.mm */,
				CAA24DFAD78048C683F9CF69 /* zxing-all-in-one.cpp */,
				4F6320A8248740178BFF47D7 /* zxing-all-in-one.h */,
				E74DED7677664470B458294B /* CDVDevice.m */,
				0AA0D5E978F74D448C39A0F9 /* CDVDevice.h */,
				C0CF54AC8EE04FBB9E85C397 /* CDVNotification.m */,
				93D2147EA65D418C9BD99C6A /* CDVNotification.h */,
				18B53FE9BE3549F180CE8D5E /* Directions.m */,
				091DD52E3E4B451CB2382752 /* Directions.h */,
				F9EF0066973F4E1BBB080D08 /* FCMPlugin.m */,
				110C0D5807AC4199BB63B14F /* AppDelegate+FCMPlugin.m */,
				444B651BD7674DBE9259ECE5 /* FCMPlugin.h */,
				466BAD51DD924C1AA59A5B46 /* AppDelegate+FCMPlugin.h */,
				1C23284B9B8F401E88FB376C /* Firebase.h */,
				B1935017681C46ED91246056 /* CDVLocation.m */,
				5B9DE7130B5747ED8172FF02 /* CDVLocation.h */,
				A29EE83F41094ABBAE807DA3 /* APPPrinter.m */,
				A54165CFF3FB4004B341A3DC /* APPPrinter.h */,
				EFFFD709F9DB4B189C8FBC77 /* CDVOrientation.m */,
				03FA27C4E42B4B3A83E4DAE0 /* CDVOrientation.h */,
				BE7FF422F992469283BEE5F9 /* CDVSplashScreen.m */,
				B131E617D6F64DF7A4340F4F /* CDVViewController+SplashScreen.m */,
				6097AAFBF6DE474CB94BEFF9 /* CDVSplashScreen.h */,
				1FE09958B0BD441A803E25EA /* CDVViewController+SplashScreen.h */,
				432ADC2F878D43A29DBB0362 /* BLECentralPlugin.m */,
				87BA3A7EC43E466493214C08 /* CBPeripheral+Extensions.m */,
				CC3A03E3D65343D9AF0EE538 /* BLECommandContext.m */,
				410B7DF87069424FB944EC68 /* BLECentralPlugin.h */,
				31F3B93E496E40AAA67C0118 /* CBPeripheral+Extensions.h */,
				09583597E7F04E429C224194 /* BLECommandContext.h */,
				4C2A05F91AD4423F936AA590 /* CDVStatusBar.m */,
				999C3A78B2A44CF5B0A6A850 /* CDVStatusBar.h */,
				F81F7DAFC5C64DDD89D0E9B2 /* APPBackgroundMode.m */,
				13BB7FC2FA854A20A9889B7F /* APPMethodMagic.m */,
				34EBA49DA1CF4FDAB13C5977 /* APPBackgroundMode.h */,
				C6B822E1356B4DD799CA9644 /* APPMethodMagic.h */,
			);
			name = Plugins;
			path = "Petrol Hub/Plugins";
			sourceTree = SOURCE_ROOT;
		};
		EB87FDF11871DA420020F90C /* Staging */ = {
			isa = PBXGroup;
			children = (
				F840E1F0165FE0F500CFE078 /* config.xml */,
				301BF56E109A69640062928A /* www */,
			);
			name = Staging;
			sourceTree = "<group>";
		};
/* End PBXGroup section */

/* Begin PBXNativeTarget section */
		1D6058900D05DD3D006BFB54 /* Petrol Hub */ = {
			isa = PBXNativeTarget;
			buildConfigurationList = 1D6058960D05DD3E006BFB54 /* Build configuration list for PBXNativeTarget "Petrol Hub" */;
			buildPhases = (
				304B58A110DAC018002A0835 /* Copy www directory */,
				1D60588D0D05DD3D006BFB54 /* Resources */,
				1D60588E0D05DD3D006BFB54 /* Sources */,
				1D60588F0D05DD3D006BFB54 /* Frameworks */,
			);
			buildRules = (
			);
			dependencies = (
				301BF551109A68C00062928A /* PBXTargetDependency */,
			);
			name = "Petrol Hub";
			productName = "Petrol Hub";
			productReference = 1D6058910D05DD3D006BFB54 /* Petrol Hub.app */;
			productType = "com.apple.product-type.application";
		};
/* End PBXNativeTarget section */

/* Begin PBXProject section */
		29B97313FDCFA39411CA2CEA /* Project object */ = {
			isa = PBXProject;
			attributes = {
				LastUpgradeCheck = 510;
				TargetAttributes = {
					1D6058900D05DD3D006BFB54 = {
						DevelopmentTeam = U5HCFQ54ZD;
						ProvisioningStyle = Manual;
						SystemCapabilities = {
							com.apple.BackgroundModes = {
								enabled = 1;
							};
							com.apple.Maps.iOS = {
								enabled = 0;
							};
							com.apple.Push = {
								enabled = 1;
							};
							com.apple.SafariKeychain = {
								enabled = 0;
							};
						};
					};
				};
			};
			buildConfigurationList = C01FCF4E08A954540054247B /* Build configuration list for PBXProject "Petrol Hub" */;
			compatibilityVersion = "Xcode 3.2";
			developmentRegion = English;
			hasScannedForEncodings = 1;
			knownRegions = (
				en,
			);
			mainGroup = 29B97314FDCFA39411CA2CEA /* CustomTemplate */;
			projectDirPath = "";
			projectReferences = (
				{
					ProductGroup = 301BF52E109A57CC0062928A /* Products */;
					ProjectRef = 301BF52D109A57CC0062928A /* CordovaLib/CordovaLib.xcodeproj */;
				},
			);
			projectRoot = "";
			targets = (
				1D6058900D05DD3D006BFB54 /* Petrol Hub */,
			);
		};
/* End PBXProject section */

/* Begin PBXReferenceProxy section */
		301BF535109A57CC0062928A /* libCordova.a */ = {
			isa = PBXReferenceProxy;
			fileType = archive.ar;
			path = libCordova.a;
			remoteRef = 301BF534109A57CC0062928A /* PBXContainerItemProxy */;
			sourceTree = BUILT_PRODUCTS_DIR;
		};
		C944D4772177EC8A005F1114 /* Cordova.framework */ = {
			isa = PBXReferenceProxy;
			fileType = wrapper.framework;
			path = Cordova.framework;
			remoteRef = C944D4762177EC8A005F1114 /* PBXContainerItemProxy */;
			sourceTree = BUILT_PRODUCTS_DIR;
		};
/* End PBXReferenceProxy section */

/* Begin PBXResourcesBuildPhase section */
		1D60588D0D05DD3D006BFB54 /* Resources */ = {
			isa = PBXResourcesBuildPhase;
			buildActionMask = 2147483647;
			files = (
				302D95F214D2391D003F00A1 /* MainViewController.xib in Resources */,
				0207DA581B56EA530066E2B4 /* Images.xcassets in Resources */,
				6AFF5BF91D6E424B00AB3073 /* CDVLaunchScreen.storyboard in Resources */,
				F033FD848B4147C088796F30 /* scannerOverlay.xib in Resources */,
				0A74967B98414A778FAC57A1 /* CDVNotification.bundle in Resources */,
				0811FA21EA53470A813C791E /* GoogleService-Info.plist in Resources */,
				BDAF8CE36EEE47C282F224A3 /* appbeep.wav in Resources */,
			);
			runOnlyForDeploymentPostprocessing = 0;
		};
/* End PBXResourcesBuildPhase section */

/* Begin PBXShellScriptBuildPhase section */
		304B58A110DAC018002A0835 /* Copy www directory */ = {
			isa = PBXShellScriptBuildPhase;
			buildActionMask = 2147483647;
			files = (
			);
			inputPaths = (
			);
			name = "Copy www directory";
			outputPaths = (
			);
			runOnlyForDeploymentPostprocessing = 0;
			shellPath = /bin/sh;
			shellScript = "NODEJS_PATH=/usr/local/bin; NVM_NODE_PATH=~/.nvm/versions/node/`nvm version 2>/dev/null`/bin; N_NODE_PATH=`find /usr/local/n/versions/node/* -maxdepth 0 -type d 2>/dev/null | tail -1`/bin; XCODE_NODE_PATH=`xcode-select --print-path`/usr/share/xcs/Node/bin; PATH=$NODEJS_PATH:$NVM_NODE_PATH:$N_NODE_PATH:$XCODE_NODE_PATH:$PATH && node cordova/lib/copy-www-build-step.js";
			showEnvVarsInLog = 0;
		};
/* End PBXShellScriptBuildPhase section */

/* Begin PBXSourcesBuildPhase section */
		1D60588E0D05DD3D006BFB54 /* Sources */ = {
			isa = PBXSourcesBuildPhase;
			buildActionMask = 2147483647;
			files = (
				1D60589B0D05DD56006BFB54 /* main.m in Sources */,
				1D3623260D0F684500981E51 /* AppDelegate.m in Sources */,
				302D95F114D2391D003F00A1 /* MainViewController.m in Sources */,
				532C62F01FF641F9BB0C5604 /* CDVBarcodeScanner.mm in Sources */,
				C179D3E0BC5E46079CCBAE96 /* zxing-all-in-one.cpp in Sources */,
				7860014089054781ACBF0AE0 /* CDVDevice.m in Sources */,
				E29D3B91AC6342FE9B13A4ED /* CDVNotification.m in Sources */,
				246A3F8EE4634571AFBE27AB /* Directions.m in Sources */,
				EFC1A44146AC468A9C32FDE4 /* FCMPlugin.m in Sources */,
				BE64DA4E70704C488EF49FE6 /* AppDelegate+FCMPlugin.m in Sources */,
				1F94F43FE275422C8565E8F0 /* CDVLocation.m in Sources */,
				BEB919CD400F4255819BB3E9 /* APPPrinter.m in Sources */,
				488B59D551154E50BA310270 /* CDVOrientation.m in Sources */,
				0AF2D4BB21194DBFBD30A9E8 /* CDVSplashScreen.m in Sources */,
				A4F507F4865947019B7072A9 /* CDVViewController+SplashScreen.m in Sources */,
				F54544061C4849D1B5BC7B28 /* BLECentralPlugin.m in Sources */,
				FAB73F2193484FB399AEFA65 /* CBPeripheral+Extensions.m in Sources */,
				BB6CD42281F64C13B2FC2BCF /* BLECommandContext.m in Sources */,
				57E36B56A2284721BE8B04B0 /* CDVStatusBar.m in Sources */,
				C29701971FEA4CF8B9C7471A /* APPBackgroundMode.m in Sources */,
				55E7C6A446B7443F9CF6A34D /* APPMethodMagic.m in Sources */,
			);
			runOnlyForDeploymentPostprocessing = 0;
		};
/* End PBXSourcesBuildPhase section */

/* Begin PBXTargetDependency section */
		301BF551109A68C00062928A /* PBXTargetDependency */ = {
			isa = PBXTargetDependency;
			name = CordovaLib;
			targetProxy = 301BF550109A68C00062928A /* PBXContainerItemProxy */;
		};
/* End PBXTargetDependency section */

/* Begin XCBuildConfiguration section */
		1D6058940D05DD3E006BFB54 /* Debug */ = {
			isa = XCBuildConfiguration;
			baseConfigurationReference = 3047A50F1AB8059700498E2A /* build-debug.xcconfig */;
			buildSettings = {
				ALWAYS_SEARCH_USER_PATHS = NO;
				ASSETCATALOG_COMPILER_APPICON_NAME = AppIcon;
				ASSETCATALOG_COMPILER_LAUNCHIMAGE_NAME = LaunchImage;
				CLANG_ENABLE_MODULES = YES;
				CLANG_ENABLE_OBJC_ARC = YES;
				CODE_SIGN_STYLE = Manual;
				COPY_PHASE_STRIP = NO;
				DEVELOPMENT_TEAM = U5HCFQ54ZD;
				FRAMEWORK_SEARCH_PATHS = (
					"$(inherited)",
					"\"Petrol Hub/Plugins/cordova-plugin-fcm\"",
					"\"Petrol Hub/Plugins/cordova-plugin-fcm\"",
					"\"Petrol Hub/Plugins/cordova-plugin-fcm\"",
					"\"Petrol Hub/Plugins/cordova-plugin-fcm\"",
					"\"Petrol Hub/Plugins/cordova-plugin-fcm\"",
					"\"Petrol Hub/Plugins/cordova-plugin-fcm\"",
					"\"Petrol Hub/Plugins/cordova-plugin-fcm\"",
					"\"Petrol Hub/Plugins/cordova-plugin-fcm\"",
				);
				GCC_DYNAMIC_NO_PIC = NO;
				GCC_OPTIMIZATION_LEVEL = 0;
				GCC_PRECOMPILE_PREFIX_HEADER = YES;
				GCC_PREFIX_HEADER = "Petrol Hub/Petrol Hub-Prefix.pch";
				GCC_THUMB_SUPPORT = NO;
				GCC_VERSION = "";
				INFOPLIST_FILE = "Petrol Hub/Petrol Hub-Info.plist";
				IPHONEOS_DEPLOYMENT_TARGET = 9.0;
				LD_RUNPATH_SEARCH_PATHS = "@executable_path/Frameworks";
				PRODUCT_NAME = "Petrol Hub";
				PROVISIONING_PROFILE_SPECIFIER = Cleveland;
				TARGETED_DEVICE_FAMILY = "1,2";
			};
			name = Debug;
		};
		1D6058950D05DD3E006BFB54 /* Release */ = {
			isa = XCBuildConfiguration;
			baseConfigurationReference = 3047A5101AB8059700498E2A /* build-release.xcconfig */;
			buildSettings = {
				ALWAYS_SEARCH_USER_PATHS = NO;
				ASSETCATALOG_COMPILER_APPICON_NAME = AppIcon;
				ASSETCATALOG_COMPILER_LAUNCHIMAGE_NAME = LaunchImage;
				CLANG_ENABLE_MODULES = YES;
				CLANG_ENABLE_OBJC_ARC = YES;
				CODE_SIGN_STYLE = Manual;
				COPY_PHASE_STRIP = YES;
				DEVELOPMENT_TEAM = U5HCFQ54ZD;
				FRAMEWORK_SEARCH_PATHS = (
					"$(inherited)",
					"\"Petrol Hub/Plugins/cordova-plugin-fcm\"",
					"\"Petrol Hub/Plugins/cordova-plugin-fcm\"",
					"\"Petrol Hub/Plugins/cordova-plugin-fcm\"",
					"\"Petrol Hub/Plugins/cordova-plugin-fcm\"",
					"\"Petrol Hub/Plugins/cordova-plugin-fcm\"",
					"\"Petrol Hub/Plugins/cordova-plugin-fcm\"",
					"\"Petrol Hub/Plugins/cordova-plugin-fcm\"",
					"\"Petrol Hub/Plugins/cordova-plugin-fcm\"",
				);
				GCC_PRECOMPILE_PREFIX_HEADER = YES;
				GCC_PREFIX_HEADER = "Petrol Hub/Petrol Hub-Prefix.pch";
				GCC_THUMB_SUPPORT = NO;
				GCC_VERSION = "";
				INFOPLIST_FILE = "Petrol Hub/Petrol Hub-Info.plist";
				IPHONEOS_DEPLOYMENT_TARGET = 9.0;
				LD_RUNPATH_SEARCH_PATHS = "@executable_path/Frameworks";
				PRODUCT_NAME = "Petrol Hub";
				PROVISIONING_PROFILE_SPECIFIER = "Clev dist";
				TARGETED_DEVICE_FAMILY = "1,2";
			};
			name = Release;
		};
		C01FCF4F08A954540054247B /* Debug */ = {
			isa = XCBuildConfiguration;
			baseConfigurationReference = 3047A5111AB8059700498E2A /* build.xcconfig */;
			buildSettings = {
				ASSETCATALOG_COMPILER_LAUNCHIMAGE_NAME = LaunchImage;
				CLANG_ENABLE_MODULES = YES;
				CLANG_ENABLE_OBJC_ARC = YES;
				CLANG_WARN_BOOL_CONVERSION = YES;
				CLANG_WARN_CONSTANT_CONVERSION = YES;
				CLANG_WARN_EMPTY_BODY = YES;
				CLANG_WARN_ENUM_CONVERSION = YES;
				CLANG_WARN_INT_CONVERSION = YES;
				CLANG_WARN__DUPLICATE_METHOD_MATCH = YES;
				GCC_C_LANGUAGE_STANDARD = c99;
				GCC_THUMB_SUPPORT = NO;
				GCC_VERSION = "";
				GCC_WARN_ABOUT_RETURN_TYPE = YES;
				GCC_WARN_UNDECLARED_SELECTOR = YES;
				GCC_WARN_UNINITIALIZED_AUTOS = YES;
				GCC_WARN_UNUSED_FUNCTION = YES;
				GCC_WARN_UNUSED_VARIABLE = YES;
				ONLY_ACTIVE_ARCH = YES;
				SDKROOT = iphoneos;
				SKIP_INSTALL = NO;
			};
			name = Debug;
		};
		C01FCF5008A954540054247B /* Release */ = {
			isa = XCBuildConfiguration;
			baseConfigurationReference = 3047A5111AB8059700498E2A /* build.xcconfig */;
			buildSettings = {
				ASSETCATALOG_COMPILER_LAUNCHIMAGE_NAME = LaunchImage;
				CLANG_ENABLE_MODULES = YES;
				CLANG_ENABLE_OBJC_ARC = YES;
				CLANG_WARN_BOOL_CONVERSION = YES;
				CLANG_WARN_CONSTANT_CONVERSION = YES;
				CLANG_WARN_EMPTY_BODY = YES;
				CLANG_WARN_ENUM_CONVERSION = YES;
				CLANG_WARN_INT_CONVERSION = YES;
				CLANG_WARN__DUPLICATE_METHOD_MATCH = YES;
				GCC_C_LANGUAGE_STANDARD = c99;
				GCC_THUMB_SUPPORT = NO;
				GCC_VERSION = "";
				GCC_WARN_ABOUT_RETURN_TYPE = YES;
				GCC_WARN_UNDECLARED_SELECTOR = YES;
				GCC_WARN_UNINITIALIZED_AUTOS = YES;
				GCC_WARN_UNUSED_FUNCTION = YES;
				GCC_WARN_UNUSED_VARIABLE = YES;
				SDKROOT = iphoneos;
				SKIP_INSTALL = NO;
			};
			name = Release;
		};
/* End XCBuildConfiguration section */

/* Begin XCConfigurationList section */
		1D6058960D05DD3E006BFB54 /* Build configuration list for PBXNativeTarget "Petrol Hub" */ = {
			isa = XCConfigurationList;
			buildConfigurations = (
				1D6058940D05DD3E006BFB54 /* Debug */,
				1D6058950D05DD3E006BFB54 /* Release */,
			);
			defaultConfigurationIsVisible = 0;
			defaultConfigurationName = Release;
		};
		C01FCF4E08A954540054247B /* Build configuration list for PBXProject "Petrol Hub" */ = {
			isa = XCConfigurationList;
			buildConfigurations = (
				C01FCF4F08A954540054247B /* Debug */,
				C01FCF5008A954540054247B /* Release */,
			);
			defaultConfigurationIsVisible = 0;
			defaultConfigurationName = Release;
		};
/* End XCConfigurationList section */
	};
	rootObject = 29B97313FDCFA39411CA2CEA /* Project object */;
}
